// !$*UTF8*$!
{
	archiveVersion = 1;
	classes = {
	};
	objectVersion = 56;
	objects = {

/* Begin PBXBuildFile section */
		8C000000000000000000001E /* AppTheme.swift in Sources */ = {isa = PBXBuildFile; fileRef = 8C000000000000000000001D /* AppTheme.swift */; };
		8C0000000000000000000020 /* LifeStockApp.swift in Sources */ = {isa = PBXBuildFile; fileRef = 8C000000000000000000001F /* LifeStockApp.swift */; };
		8C0000000000000000000022 /* RootView.swift in Sources */ = {isa = PBXBuildFile; fileRef = 8C0000000000000000000021 /* RootView.swift */; };
		8C0000000000000000000025 /* ItemIntents.swift in Sources */ = {isa = PBXBuildFile; fileRef = 8C0000000000000000000024 /* ItemIntents.swift */; };
		8C0000000000000000000028 /* ItemCard.swift in Sources */ = {isa = PBXBuildFile; fileRef = 8C0000000000000000000027 /* ItemCard.swift */; };
		8C000000000000000000002A /* SharedComponents.swift in Sources */ = {isa = PBXBuildFile; fileRef = 8C0000000000000000000029 /* SharedComponents.swift */; };
		8C000000000000000000002D /* ForecastEngine.swift in Sources */ = {isa = PBXBuildFile; fileRef = 8C000000000000000000002C /* ForecastEngine.swift */; };
		8C000000000000000000002F /* InsightEngine.swift in Sources */ = {isa = PBXBuildFile; fileRef = 8C000000000000000000002E /* InsightEngine.swift */; };
		8C0000000000000000000031 /* ItemSnapshot.swift in Sources */ = {isa = PBXBuildFile; fileRef = 8C0000000000000000000030 /* ItemSnapshot.swift */; };
		8C0000000000000000000034 /* Enums.swift in Sources */ = {isa = PBXBuildFile; fileRef = 8C0000000000000000000033 /* Enums.swift */; };
		8C0000000000000000000036 /* LifeItem.swift in Sources */ = {isa = PBXBuildFile; fileRef = 8C0000000000000000000035 /* LifeItem.swift */; };
		8C0000000000000000000038 /* PurchaseRecord.swift in Sources */ = {isa = PBXBuildFile; fileRef = 8C0000000000000000000037 /* PurchaseRecord.swift */; };
		8C000000000000000000003A /* SupportingModels.swift in Sources */ = {isa = PBXBuildFile; fileRef = 8C0000000000000000000039 /* SupportingModels.swift */; };
		8C000000000000000000003D /* ExportService.swift in Sources */ = {isa = PBXBuildFile; fileRef = 8C000000000000000000003C /* ExportService.swift */; };
		8C000000000000000000003F /* ImageStore.swift in Sources */ = {isa = PBXBuildFile; fileRef = 8C000000000000000000003E /* ImageStore.swift */; };
		8C0000000000000000000041 /* NotificationService.swift in Sources */ = {isa = PBXBuildFile; fileRef = 8C0000000000000000000040 /* NotificationService.swift */; };
		8C0000000000000000000043 /* OCRService.swift in Sources */ = {isa = PBXBuildFile; fileRef = 8C0000000000000000000042 /* OCRService.swift */; };
		8C0000000000000000000045 /* SeedData.swift in Sources */ = {isa = PBXBuildFile; fileRef = 8C0000000000000000000044 /* SeedData.swift */; };
		8C0000000000000000000047 /* SummaryRefresh.swift in Sources */ = {isa = PBXBuildFile; fileRef = 8C0000000000000000000046 /* SummaryRefresh.swift */; };
		8C0000000000000000000049 /* SummaryStore.swift in Sources */ = {isa = PBXBuildFile; fileRef = 8C0000000000000000000048 /* SummaryStore.swift */; };
		8C000000000000000000004C /* AchievementsView.swift in Sources */ = {isa = PBXBuildFile; fileRef = 8C000000000000000000004B /* AchievementsView.swift */; };
		8C000000000000000000004E /* HomeView.swift in Sources */ = {isa = PBXBuildFile; fileRef = 8C000000000000000000004D /* HomeView.swift */; };
		8C0000000000000000000050 /* InsightsView.swift in Sources */ = {isa = PBXBuildFile; fileRef = 8C000000000000000000004F /* InsightsView.swift */; };
		8C0000000000000000000052 /* ItemDetailView.swift in Sources */ = {isa = PBXBuildFile; fileRef = 8C0000000000000000000051 /* ItemDetailView.swift */; };
		8C0000000000000000000054 /* ItemEditView.swift in Sources */ = {isa = PBXBuildFile; fileRef = 8C0000000000000000000053 /* ItemEditView.swift */; };
		8C0000000000000000000056 /* LibraryView.swift in Sources */ = {isa = PBXBuildFile; fileRef = 8C0000000000000000000055 /* LibraryView.swift */; };
		8C0000000000000000000058 /* MerchantView.swift in Sources */ = {isa = PBXBuildFile; fileRef = 8C0000000000000000000057 /* MerchantView.swift */; };
		8C000000000000000000005A /* OnboardingView.swift in Sources */ = {isa = PBXBuildFile; fileRef = 8C0000000000000000000059 /* OnboardingView.swift */; };
		8C000000000000000000005C /* ProfileView.swift in Sources */ = {isa = PBXBuildFile; fileRef = 8C000000000000000000005B /* ProfileView.swift */; };
		8C000000000000000000005E /* PurchaseEditSheet.swift in Sources */ = {isa = PBXBuildFile; fileRef = 8C000000000000000000005D /* PurchaseEditSheet.swift */; };
		8C0000000000000000000060 /* QuickAddSheet.swift in Sources */ = {isa = PBXBuildFile; fileRef = 8C000000000000000000005F /* QuickAddSheet.swift */; };
		8C0000000000000000000062 /* ReceiptScannerView.swift in Sources */ = {isa = PBXBuildFile; fileRef = 8C0000000000000000000061 /* ReceiptScannerView.swift */; };
		8C0000000000000000000064 /* ReminderCenterView.swift in Sources */ = {isa = PBXBuildFile; fileRef = 8C0000000000000000000063 /* ReminderCenterView.swift */; };
		8C0000000000000000000066 /* RestockSheet.swift in Sources */ = {isa = PBXBuildFile; fileRef = 8C0000000000000000000065 /* RestockSheet.swift */; };
		8C0000000000000000000068 /* Assets.xcassets in Resources */ = {isa = PBXBuildFile; fileRef = 8C0000000000000000000067 /* Assets.xcassets */; };
		8C000000000000000000006A /* LifeStockWidget.swift in Sources */ = {isa = PBXBuildFile; fileRef = 8C0000000000000000000069 /* LifeStockWidget.swift */; };
		8C000000000000000000006C /* LifeStockWidgetBundle.swift in Sources */ = {isa = PBXBuildFile; fileRef = 8C000000000000000000006B /* LifeStockWidgetBundle.swift */; };
		8C000000000000000000006E /* SummaryStore.swift in Sources */ = {isa = PBXBuildFile; fileRef = 8C000000000000000000006D /* SummaryStore.swift */; };
		8C0000000000000000000070 /* Assets.xcassets in Resources */ = {isa = PBXBuildFile; fileRef = 8C000000000000000000006F /* Assets.xcassets */; };
		8C0000000000000000000071 /* LifeStockWidget.appex in Embed App Extensions */ = {isa = PBXBuildFile; fileRef = 8C0000000000000000000007 /* LifeStockWidget.appex */; settings = {ATTRIBUTES = (RemoveHeadersOnCopy, ); }; };
/* End PBXBuildFile section */

/* Begin PBXContainerItemProxy section */
		8C0000000000000000000011 /* PBXContainerItemProxy */ = {
			isa = PBXContainerItemProxy;
			containerPortal = 8C0000000000000000000001 /* Project object */;
			proxyType = 1;
			remoteGlobalIDString = 8C0000000000000000000009;
			remoteInfo = LifeStockWidget;
		};
/* End PBXContainerItemProxy section */

/* Begin PBXFileReference section */
		8C0000000000000000000006 /* LifeStock.app */ = {isa = PBXFileReference; explicitFileType = wrapper.application; includeInIndex = 0; path = LifeStock.app; sourceTree = BUILT_PRODUCTS_DIR; };
		8C0000000000000000000007 /* LifeStockWidget.appex */ = {isa = PBXFileReference; explicitFileType = "wrapper.app-extension"; includeInIndex = 0; path = LifeStockWidget.appex; sourceTree = BUILT_PRODUCTS_DIR; };
		8C000000000000000000001D /* AppTheme.swift */ = {isa = PBXFileReference; lastKnownFileType = sourcecode.swift; path = AppTheme.swift; sourceTree = "<group>"; };
		8C000000000000000000001F /* LifeStockApp.swift */ = {isa = PBXFileReference; lastKnownFileType = sourcecode.swift; path = LifeStockApp.swift; sourceTree = "<group>"; };
		8C0000000000000000000021 /* RootView.swift */ = {isa = PBXFileReference; lastKnownFileType = sourcecode.swift; path = RootView.swift; sourceTree = "<group>"; };
		8C0000000000000000000024 /* ItemIntents.swift */ = {isa = PBXFileReference; lastKnownFileType = sourcecode.swift; path = ItemIntents.swift; sourceTree = "<group>"; };
		8C0000000000000000000027 /* ItemCard.swift */ = {isa = PBXFileReference; lastKnownFileType = sourcecode.swift; path = ItemCard.swift; sourceTree = "<group>"; };
		8C0000000000000000000029 /* SharedComponents.swift */ = {isa = PBXFileReference; lastKnownFileType = sourcecode.swift; path = SharedComponents.swift; sourceTree = "<group>"; };
		8C000000000000000000002C /* ForecastEngine.swift */ = {isa = PBXFileReference; lastKnownFileType = sourcecode.swift; path = ForecastEngine.swift; sourceTree = "<group>"; };
		8C000000000000000000002E /* InsightEngine.swift */ = {isa = PBXFileReference; lastKnownFileType = sourcecode.swift; path = InsightEngine.swift; sourceTree = "<group>"; };
		8C0000000000000000000030 /* ItemSnapshot.swift */ = {isa = PBXFileReference; lastKnownFileType = sourcecode.swift; path = ItemSnapshot.swift; sourceTree = "<group>"; };
		8C0000000000000000000033 /* Enums.swift */ = {isa = PBXFileReference; lastKnownFileType = sourcecode.swift; path = Enums.swift; sourceTree = "<group>"; };
		8C0000000000000000000035 /* LifeItem.swift */ = {isa = PBXFileReference; lastKnownFileType = sourcecode.swift; path = LifeItem.swift; sourceTree = "<group>"; };
		8C0000000000000000000037 /* PurchaseRecord.swift */ = {isa = PBXFileReference; lastKnownFileType = sourcecode.swift; path = PurchaseRecord.swift; sourceTree = "<group>"; };
		8C0000000000000000000039 /* SupportingModels.swift */ = {isa = PBXFileReference; lastKnownFileType = sourcecode.swift; path = SupportingModels.swift; sourceTree = "<group>"; };
		8C000000000000000000003C /* ExportService.swift */ = {isa = PBXFileReference; lastKnownFileType = sourcecode.swift; path = ExportService.swift; sourceTree = "<group>"; };
		8C000000000000000000003E /* ImageStore.swift */ = {isa = PBXFileReference; lastKnownFileType = sourcecode.swift; path = ImageStore.swift; sourceTree = "<group>"; };
		8C0000000000000000000040 /* NotificationService.swift */ = {isa = PBXFileReference; lastKnownFileType = sourcecode.swift; path = NotificationService.swift; sourceTree = "<group>"; };
		8C0000000000000000000042 /* OCRService.swift */ = {isa = PBXFileReference; lastKnownFileType = sourcecode.swift; path = OCRService.swift; sourceTree = "<group>"; };
		8C0000000000000000000044 /* SeedData.swift */ = {isa = PBXFileReference; lastKnownFileType = sourcecode.swift; path = SeedData.swift; sourceTree = "<group>"; };
		8C0000000000000000000046 /* SummaryRefresh.swift */ = {isa = PBXFileReference; lastKnownFileType = sourcecode.swift; path = SummaryRefresh.swift; sourceTree = "<group>"; };
		8C0000000000000000000048 /* SummaryStore.swift */ = {isa = PBXFileReference; lastKnownFileType = sourcecode.swift; path = SummaryStore.swift; sourceTree = "<group>"; };
		8C000000000000000000004B /* AchievementsView.swift */ = {isa = PBXFileReference; lastKnownFileType = sourcecode.swift; path = AchievementsView.swift; sourceTree = "<group>"; };
		8C000000000000000000004D /* HomeView.swift */ = {isa = PBXFileReference; lastKnownFileType = sourcecode.swift; path = HomeView.swift; sourceTree = "<group>"; };
		8C000000000000000000004F /* InsightsView.swift */ = {isa = PBXFileReference; lastKnownFileType = sourcecode.swift; path = InsightsView.swift; sourceTree = "<group>"; };
		8C0000000000000000000051 /* ItemDetailView.swift */ = {isa = PBXFileReference; lastKnownFileType = sourcecode.swift; path = ItemDetailView.swift; sourceTree = "<group>"; };
		8C0000000000000000000053 /* ItemEditView.swift */ = {isa = PBXFileReference; lastKnownFileType = sourcecode.swift; path = ItemEditView.swift; sourceTree = "<group>"; };
		8C0000000000000000000055 /* LibraryView.swift */ = {isa = PBXFileReference; lastKnownFileType = sourcecode.swift; path = LibraryView.swift; sourceTree = "<group>"; };
		8C0000000000000000000057 /* MerchantView.swift */ = {isa = PBXFileReference; lastKnownFileType = sourcecode.swift; path = MerchantView.swift; sourceTree = "<group>"; };
		8C0000000000000000000059 /* OnboardingView.swift */ = {isa = PBXFileReference; lastKnownFileType = sourcecode.swift; path = OnboardingView.swift; sourceTree = "<group>"; };
		8C000000000000000000005B /* ProfileView.swift */ = {isa = PBXFileReference; lastKnownFileType = sourcecode.swift; path = ProfileView.swift; sourceTree = "<group>"; };
		8C000000000000000000005D /* PurchaseEditSheet.swift */ = {isa = PBXFileReference; lastKnownFileType = sourcecode.swift; path = PurchaseEditSheet.swift; sourceTree = "<group>"; };
		8C000000000000000000005F /* QuickAddSheet.swift */ = {isa = PBXFileReference; lastKnownFileType = sourcecode.swift; path = QuickAddSheet.swift; sourceTree = "<group>"; };
		8C0000000000000000000061 /* ReceiptScannerView.swift */ = {isa = PBXFileReference; lastKnownFileType = sourcecode.swift; path = ReceiptScannerView.swift; sourceTree = "<group>"; };
		8C0000000000000000000063 /* ReminderCenterView.swift */ = {isa = PBXFileReference; lastKnownFileType = sourcecode.swift; path = ReminderCenterView.swift; sourceTree = "<group>"; };
		8C0000000000000000000065 /* RestockSheet.swift */ = {isa = PBXFileReference; lastKnownFileType = sourcecode.swift; path = RestockSheet.swift; sourceTree = "<group>"; };
		8C0000000000000000000067 /* Assets.xcassets */ = {isa = PBXFileReference; lastKnownFileType = folder.assetcatalog; path = Assets.xcassets; sourceTree = "<group>"; };
		8C0000000000000000000069 /* LifeStockWidget.swift */ = {isa = PBXFileReference; lastKnownFileType = sourcecode.swift; path = LifeStockWidget.swift; sourceTree = "<group>"; };
		8C000000000000000000006B /* LifeStockWidgetBundle.swift */ = {isa = PBXFileReference; lastKnownFileType = sourcecode.swift; path = LifeStockWidgetBundle.swift; sourceTree = "<group>"; };
		8C000000000000000000006D /* SummaryStore.swift */ = {isa = PBXFileReference; lastKnownFileType = sourcecode.swift; path = SummaryStore.swift; sourceTree = "<group>"; };
		8C000000000000000000006F /* Assets.xcassets */ = {isa = PBXFileReference; lastKnownFileType = folder.assetcatalog; path = Assets.xcassets; sourceTree = "<group>"; };
		8C0000000000000000000072 /* Info.plist */ = {isa = PBXFileReference; lastKnownFileType = text.plist.xml; path = Info.plist; sourceTree = "<group>"; };
/* End PBXFileReference section */

/* Begin PBXFrameworksBuildPhase section */
		8C000000000000000000000B /* Frameworks */ = {isa = PBXFrameworksBuildPhase; buildActionMask = 2147483647; files = (); runOnlyForDeploymentPostprocessing = 0; };
		8C000000000000000000000F /* Frameworks */ = {isa = PBXFrameworksBuildPhase; buildActionMask = 2147483647; files = (); runOnlyForDeploymentPostprocessing = 0; };
/* End PBXFrameworksBuildPhase section */

/* Begin PBXGroup section */
		8C0000000000000000000002 = {
			isa = PBXGroup;
			children = (
				8C0000000000000000000004 /* LifeStock */,
				8C0000000000000000000005 /* LifeStockWidget */,
				8C0000000000000000000003 /* Products */,
			);
			sourceTree = "<group>";
		};
		8C0000000000000000000003 /* Products */ = {
			isa = PBXGroup;
			children = (
				8C0000000000000000000006 /* LifeStock.app */,
				8C0000000000000000000007 /* LifeStockWidget.appex */,
			);
			name = Products;
			sourceTree = "<group>";
		};
		8C000000000000000000001C /* App */ = {
			isa = PBXGroup;
			children = (
				8C000000000000000000001D /* AppTheme.swift */,
				8C000000000000000000001F /* LifeStockApp.swift */,
				8C0000000000000000000021 /* RootView.swift */,
			);
			path = App;
			sourceTree = "<group>";
		};
		8C0000000000000000000023 /* AppIntents */ = {
			isa = PBXGroup;
			children = (
				8C0000000000000000000024 /* ItemIntents.swift */,
			);
			path = AppIntents;
			sourceTree = "<group>";
		};
		8C0000000000000000000026 /* Components */ = {
			isa = PBXGroup;
			children = (
				8C0000000000000000000027 /* ItemCard.swift */,
				8C0000000000000000000029 /* SharedComponents.swift */,
			);
			path = Components;
			sourceTree = "<group>";
		};
		8C000000000000000000002B /* Engine */ = {
			isa = PBXGroup;
			children = (
				8C000000000000000000002C /* ForecastEngine.swift */,
				8C000000000000000000002E /* InsightEngine.swift */,
				8C0000000000000000000030 /* ItemSnapshot.swift */,
			);
			path = Engine;
			sourceTree = "<group>";
		};
		8C0000000000000000000032 /* Models */ = {
			isa = PBXGroup;
			children = (
				8C0000000000000000000033 /* Enums.swift */,
				8C0000000000000000000035 /* LifeItem.swift */,
				8C0000000000000000000037 /* PurchaseRecord.swift */,
				8C0000000000000000000039 /* SupportingModels.swift */,
			);
			path = Models;
			sourceTree = "<group>";
		};
		8C000000000000000000003B /* Services */ = {
			isa = PBXGroup;
			children = (
				8C000000000000000000003C /* ExportService.swift */,
				8C000000000000000000003E /* ImageStore.swift */,
				8C0000000000000000000040 /* NotificationService.swift */,
				8C0000000000000000000042 /* OCRService.swift */,
				8C0000000000000000000044 /* SeedData.swift */,
				8C0000000000000000000046 /* SummaryRefresh.swift */,
				8C0000000000000000000048 /* SummaryStore.swift */,
			);
			path = Services;
			sourceTree = "<group>";
		};
		8C000000000000000000004A /* Views */ = {
			isa = PBXGroup;
			children = (
				8C000000000000000000004B /* AchievementsView.swift */,
				8C000000000000000000004D /* HomeView.swift */,
				8C000000000000000000004F /* InsightsView.swift */,
				8C0000000000000000000051 /* ItemDetailView.swift */,
				8C0000000000000000000053 /* ItemEditView.swift */,
				8C0000000000000000000055 /* LibraryView.swift */,
				8C0000000000000000000057 /* MerchantView.swift */,
				8C0000000000000000000059 /* OnboardingView.swift */,
				8C000000000000000000005B /* ProfileView.swift */,
				8C000000000000000000005D /* PurchaseEditSheet.swift */,
				8C000000000000000000005F /* QuickAddSheet.swift */,
				8C0000000000000000000061 /* ReceiptScannerView.swift */,
				8C0000000000000000000063 /* ReminderCenterView.swift */,
				8C0000000000000000000065 /* RestockSheet.swift */,
			);
			path = Views;
			sourceTree = "<group>";
		};
		8C0000000000000000000004 /* LifeStock */ = {
			isa = PBXGroup;
			children = (
				8C000000000000000000001C /* App */,
				8C0000000000000000000023 /* AppIntents */,
				8C0000000000000000000026 /* Components */,
				8C000000000000000000002B /* Engine */,
				8C0000000000000000000032 /* Models */,
				8C000000000000000000003B /* Services */,
				8C000000000000000000004A /* Views */,
				8C0000000000000000000067 /* Assets.xcassets */,
			);
			path = LifeStock;
			sourceTree = "<group>";
		};
		8C0000000000000000000005 /* LifeStockWidget */ = {
			isa = PBXGroup;
			children = (
				8C0000000000000000000069 /* LifeStockWidget.swift */,
				8C000000000000000000006B /* LifeStockWidgetBundle.swift */,
				8C000000000000000000006D /* SummaryStore.swift */,
				8C000000000000000000006F /* Assets.xcassets */,
				8C0000000000000000000072 /* Info.plist */,
			);
			path = LifeStockWidget;
			sourceTree = "<group>";
		};
/* End PBXGroup section */

/* Begin PBXNativeTarget section */
		8C0000000000000000000008 /* LifeStock */ = {
			isa = PBXNativeTarget;
			buildConfigurationList = 8C0000000000000000000014 /* Build configuration list for PBXNativeTarget "LifeStock" */;
			buildPhases = (
				8C000000000000000000000A /* Sources */,
				8C000000000000000000000B /* Frameworks */,
				8C000000000000000000000C /* Resources */,
				8C000000000000000000000D /* Embed App Extensions */,
			);
			buildRules = ();
			dependencies = (
				8C0000000000000000000012 /* PBXTargetDependency */,
			);
			name = LifeStock;
			productName = LifeStock;
			productReference = 8C0000000000000000000006 /* LifeStock.app */;
			productType = "com.apple.product-type.application";
		};
		8C0000000000000000000009 /* LifeStockWidget */ = {
			isa = PBXNativeTarget;
			buildConfigurationList = 8C0000000000000000000015 /* Build configuration list for PBXNativeTarget "LifeStockWidget" */;
			buildPhases = (
				8C000000000000000000000E /* Sources */,
				8C000000000000000000000F /* Frameworks */,
				8C0000000000000000000010 /* Resources */,
			);
			buildRules = ();
			dependencies = ();
			name = LifeStockWidget;
			productName = LifeStockWidget;
			productReference = 8C0000000000000000000007 /* LifeStockWidget.appex */;
			productType = "com.apple.product-type.app-extension";
		};
/* End PBXNativeTarget section */

/* Begin PBXProject section */
		8C0000000000000000000001 /* Project object */ = {
			isa = PBXProject;
			attributes = {
				BuildIndependentTargetsInParallel = 1;
				LastSwiftUpdateCheck = 1510;
				LastUpgradeCheck = 1510;
				TargetAttributes = {
					8C0000000000000000000008 = {CreatedOnToolsVersion = 15.1; };
					8C0000000000000000000009 = {CreatedOnToolsVersion = 15.1; };
				};
			};
			buildConfigurationList = 8C0000000000000000000013 /* Build configuration list for PBXProject "LifeStock" */;
			compatibilityVersion = "Xcode 14.0";
			developmentRegion = "zh-Hans";
			hasScannedForEncodings = 0;
			knownRegions = (
				"zh-Hans",
				Base,
			);
			mainGroup = 8C0000000000000000000002;
			productRefGroup = 8C0000000000000000000003 /* Products */;
			projectDirPath = "";
			projectRoot = "";
			targets = (
				8C0000000000000000000008 /* LifeStock */,
				8C0000000000000000000009 /* LifeStockWidget */,
			);
		};
/* End PBXProject section */

/* Begin PBXResourcesBuildPhase section */
		8C000000000000000000000C /* Resources */ = {isa = PBXResourcesBuildPhase; buildActionMask = 2147483647; files = (8C0000000000000000000068 /* Assets.xcassets in Resources */, ); runOnlyForDeploymentPostprocessing = 0; };
		8C0000000000000000000010 /* Resources */ = {isa = PBXResourcesBuildPhase; buildActionMask = 2147483647; files = (8C0000000000000000000070 /* Assets.xcassets in Resources */, ); runOnlyForDeploymentPostprocessing = 0; };
/* End PBXResourcesBuildPhase section */

/* Begin PBXSourcesBuildPhase section */
		8C000000000000000000000A /* Sources */ = {
			isa = PBXSourcesBuildPhase;
			buildActionMask = 2147483647;
			files = (
				8C000000000000000000001E /* AppTheme.swift in Sources */,
				8C0000000000000000000020 /* LifeStockApp.swift in Sources */,
				8C0000000000000000000022 /* RootView.swift in Sources */,
				8C0000000000000000000025 /* ItemIntents.swift in Sources */,
				8C0000000000000000000028 /* ItemCard.swift in Sources */,
				8C000000000000000000002A /* SharedComponents.swift in Sources */,
				8C000000000000000000002D /* ForecastEngine.swift in Sources */,
				8C000000000000000000002F /* InsightEngine.swift in Sources */,
				8C0000000000000000000031 /* ItemSnapshot.swift in Sources */,
				8C0000000000000000000034 /* Enums.swift in Sources */,
				8C0000000000000000000036 /* LifeItem.swift in Sources */,
				8C0000000000000000000038 /* PurchaseRecord.swift in Sources */,
				8C000000000000000000003A /* SupportingModels.swift in Sources */,
				8C000000000000000000003D /* ExportService.swift in Sources */,
				8C000000000000000000003F /* ImageStore.swift in Sources */,
				8C0000000000000000000041 /* NotificationService.swift in Sources */,
				8C0000000000000000000043 /* OCRService.swift in Sources */,
				8C0000000000000000000045 /* SeedData.swift in Sources */,
				8C0000000000000000000047 /* SummaryRefresh.swift in Sources */,
				8C0000000000000000000049 /* SummaryStore.swift in Sources */,
				8C000000000000000000004C /* AchievementsView.swift in Sources */,
				8C000000000000000000004E /* HomeView.swift in Sources */,
				8C0000000000000000000050 /* InsightsView.swift in Sources */,
				8C0000000000000000000052 /* ItemDetailView.swift in Sources */,
				8C0000000000000000000054 /* ItemEditView.swift in Sources */,
				8C0000000000000000000056 /* LibraryView.swift in Sources */,
				8C0000000000000000000058 /* MerchantView.swift in Sources */,
				8C000000000000000000005A /* OnboardingView.swift in Sources */,
				8C000000000000000000005C /* ProfileView.swift in Sources */,
				8C000000000000000000005E /* PurchaseEditSheet.swift in Sources */,
				8C0000000000000000000060 /* QuickAddSheet.swift in Sources */,
				8C0000000000000000000062 /* ReceiptScannerView.swift in Sources */,
				8C0000000000000000000064 /* ReminderCenterView.swift in Sources */,
				8C0000000000000000000066 /* RestockSheet.swift in Sources */,
			);
			runOnlyForDeploymentPostprocessing = 0;
		};
		8C000000000000000000000E /* Sources */ = {
			isa = PBXSourcesBuildPhase;
			buildActionMask = 2147483647;
			files = (
				8C000000000000000000006A /* LifeStockWidget.swift in Sources */,
				8C000000000000000000006C /* LifeStockWidgetBundle.swift in Sources */,
				8C000000000000000000006E /* SummaryStore.swift in Sources */,
			);
			runOnlyForDeploymentPostprocessing = 0;
		};
/* End PBXSourcesBuildPhase section */

/* Begin PBXCopyFilesBuildPhase section */
		8C000000000000000000000D /* Embed App Extensions */ = {
			isa = PBXCopyFilesBuildPhase;
			buildActionMask = 2147483647;
			dstPath = "";
			dstSubfolderSpec = 13;
			files = (
				8C0000000000000000000071 /* LifeStockWidget.appex in Embed App Extensions */,
			);
			name = "Embed App Extensions";
			runOnlyForDeploymentPostprocessing = 0;
		};
/* End PBXCopyFilesBuildPhase section */

/* Begin PBXTargetDependency section */
		8C0000000000000000000012 /* PBXTargetDependency */ = {isa = PBXTargetDependency; target = 8C0000000000000000000009 /* LifeStockWidget */; targetProxy = 8C0000000000000000000011 /* PBXContainerItemProxy */; };
/* End PBXTargetDependency section */

/* Begin XCBuildConfiguration section */
		8C0000000000000000000016 /* Debug */ = {
			isa = XCBuildConfiguration;
			buildSettings = {
				ALWAYS_SEARCH_USER_PATHS = NO;
				ASSETCATALOG_COMPILER_GENERATE_SWIFT_ASSET_SYMBOL_EXTENSIONS = YES;
				CLANG_ANALYZER_NONNULL = YES;
				CLANG_ANALYZER_NUMBER_OBJECT_CONVERSION = YES_AGGRESSIVE;
				CLANG_CXX_LANGUAGE_STANDARD = "gnu++20";
				CLANG_ENABLE_MODULES = YES;
				CLANG_ENABLE_OBJC_ARC = YES;
				CLANG_ENABLE_OBJC_WEAK = YES;
				CLANG_WARN_BLOCK_CAPTURE_AUTORELEASING = YES;
				CLANG_WARN_BOOL_CONVERSION = YES;
				CLANG_WARN_COMMA = YES;
				CLANG_WARN_CONSTANT_CONVERSION = YES;
				CLANG_WARN_DEPRECATED_OBJC_IMPLEMENTATIONS = YES;
				CLANG_WARN_DIRECT_OBJC_ISA_USAGE = YES_ERROR;
				CLANG_WARN_DOCUMENTATION_COMMENTS = YES;
				CLANG_WARN_EMPTY_BODY = YES;
				CLANG_WARN_ENUM_CONVERSION = YES;
				CLANG_WARN_INFINITE_RECURSION = YES;
				CLANG_WARN_INT_CONVERSION = YES;
				CLANG_WARN_NON_LITERAL_NULL_CONVERSION = YES;
				CLANG_WARN_OBJC_IMPLICIT_RETAIN_SELF = YES;
				CLANG_WARN_OBJC_LITERAL_CONVERSION = YES;
				CLANG_WARN_OBJC_ROOT_CLASS = YES_ERROR;
				CLANG_WARN_QUOTED_INCLUDE_IN_FRAMEWORK_HEADER = YES;
				CLANG_WARN_RANGE_LOOP_ANALYSIS = YES;
				CLANG_WARN_STRICT_PROTOTYPES = YES;
				CLANG_WARN_SUSPICIOUS_MOVE = YES;
				CLANG_WARN_UNGUARDED_AVAILABILITY = YES_AGGRESSIVE;
				CLANG_WARN_UNREACHABLE_CODE = YES;
				CLANG_WARN__DUPLICATE_METHOD_MATCH = YES;
				COPY_PHASE_STRIP = NO;
				DEBUG_INFORMATION_FORMAT = dwarf;
				ENABLE_STRICT_OBJC_MSGSEND = YES;
				ENABLE_TESTABILITY = YES;
				ENABLE_USER_SCRIPT_SANDBOXING = YES;
				GCC_C_LANGUAGE_STANDARD = gnu17;
				GCC_DYNAMIC_NO_PIC = NO;
				GCC_NO_COMMON_BLOCKS = YES;
				GCC_OPTIMIZATION_LEVEL = "0";
				GCC_PREPROCESSOR_DEFINITIONS = (
					"DEBUG=1",
					"$(inherited)",
				);
				GCC_WARN_64_TO_32_BIT_CONVERSION = YES;
				GCC_WARN_ABOUT_RETURN_TYPE = YES_ERROR;
				GCC_WARN_UNDECLARED_SELECTOR = YES;
				GCC_WARN_UNINITIALIZED_AUTOS = YES_AGGRESSIVE;
				GCC_WARN_UNUSED_FUNCTION = YES;
				GCC_WARN_UNUSED_VARIABLE = YES;
				IPHONEOS_DEPLOYMENT_TARGET = "17.0";
				LOCALIZATION_PREFERS_STRING_CATALOGS = YES;
				MTL_ENABLE_DEBUG_INFO = INCLUDE_SOURCE;
				MTL_FAST_MATH = YES;
				ONLY_ACTIVE_ARCH = YES;
				SDKROOT = iphoneos;
				SUPPORTED_PLATFORMS = "iphoneos iphonesimulator";
				SWIFT_ACTIVE_COMPILATION_CONDITIONS = "DEBUG $(inherited)";
				SWIFT_OPTIMIZATION_LEVEL = -Onone;
				SWIFT_VERSION = "5.0";
			};
			name = Debug;
		};
		8C0000000000000000000017 /* Release */ = {
			isa = XCBuildConfiguration;
			buildSettings = {
				ALWAYS_SEARCH_USER_PATHS = NO;
				ASSETCATALOG_COMPILER_GENERATE_SWIFT_ASSET_SYMBOL_EXTENSIONS = YES;
				CLANG_ANALYZER_NONNULL = YES;
				CLANG_ANALYZER_NUMBER_OBJECT_CONVERSION = YES_AGGRESSIVE;
				CLANG_CXX_LANGUAGE_STANDARD = "gnu++20";
				CLANG_ENABLE_MODULES = YES;
				CLANG_ENABLE_OBJC_ARC = YES;
				CLANG_ENABLE_OBJC_WEAK = YES;
				CLANG_WARN_BLOCK_CAPTURE_AUTORELEASING = YES;
				CLANG_WARN_BOOL_CONVERSION = YES;
				CLANG_WARN_COMMA = YES;
				CLANG_WARN_CONSTANT_CONVERSION = YES;
				CLANG_WARN_DEPRECATED_OBJC_IMPLEMENTATIONS = YES;
				CLANG_WARN_DIRECT_OBJC_ISA_USAGE = YES_ERROR;
				CLANG_WARN_DOCUMENTATION_COMMENTS = YES;
				CLANG_WARN_EMPTY_BODY = YES;
				CLANG_WARN_ENUM_CONVERSION = YES;
				CLANG_WARN_INFINITE_RECURSION = YES;
				CLANG_WARN_INT_CONVERSION = YES;
				CLANG_WARN_NON_LITERAL_NULL_CONVERSION = YES;
				CLANG_WARN_OBJC_IMPLICIT_RETAIN_SELF = YES;
				CLANG_WARN_OBJC_LITERAL_CONVERSION = YES;
				CLANG_WARN_OBJC_ROOT_CLASS = YES_ERROR;
				CLANG_WARN_QUOTED_INCLUDE_IN_FRAMEWORK_HEADER = YES;
				CLANG_WARN_RANGE_LOOP_ANALYSIS = YES;
				CLANG_WARN_STRICT_PROTOTYPES = YES;
				CLANG_WARN_SUSPICIOUS_MOVE = YES;
				CLANG_WARN_UNGUARDED_AVAILABILITY = YES_AGGRESSIVE;
				CLANG_WARN_UNREACHABLE_CODE = YES;
				CLANG_WARN__DUPLICATE_METHOD_MATCH = YES;
				COPY_PHASE_STRIP = NO;
				ENABLE_STRICT_OBJC_MSGSEND = YES;
				ENABLE_USER_SCRIPT_SANDBOXING = YES;
				GCC_C_LANGUAGE_STANDARD = gnu17;
				GCC_NO_COMMON_BLOCKS = YES;
				GCC_WARN_64_TO_32_BIT_CONVERSION = YES;
				GCC_WARN_ABOUT_RETURN_TYPE = YES_ERROR;
				GCC_WARN_UNDECLARED_SELECTOR = YES;
				GCC_WARN_UNINITIALIZED_AUTOS = YES_AGGRESSIVE;
				GCC_WARN_UNUSED_FUNCTION = YES;
				GCC_WARN_UNUSED_VARIABLE = YES;
				IPHONEOS_DEPLOYMENT_TARGET = "17.0";
				LOCALIZATION_PREFERS_STRING_CATALOGS = YES;
				MTL_FAST_MATH = YES;
				SDKROOT = iphoneos;
				SUPPORTED_PLATFORMS = "iphoneos iphonesimulator";
				SWIFT_VERSION = "5.0";
				DEBUG_INFORMATION_FORMAT = dwarf-with-dsym;
				ENABLE_NS_ASSERTIONS = NO;
				MTL_ENABLE_DEBUG_INFO = NO;
				SWIFT_COMPILATION_MODE = wholemodule;
			};
			name = Release;
		};
		8C0000000000000000000018 /* Debug */ = {
			isa = XCBuildConfiguration;
			buildSettings = {
				ASSETCATALOG_COMPILER_APPICON_NAME = AppIcon;
				ASSETCATALOG_COMPILER_GLOBAL_ACCENT_COLOR_NAME = AccentColor;
				CODE_SIGN_STYLE = Automatic;
				CURRENT_PROJECT_VERSION = "1";
				ENABLE_PREVIEWS = YES;
				GENERATE_INFOPLIST_FILE = YES;
				INFOPLIST_KEY_CFBundleDisplayName = "生活余量管家";
				INFOPLIST_KEY_LSApplicationCategoryType = public.app-category.lifestyle;
				INFOPLIST_KEY_NSPhotoLibraryUsageDescription = "LifeStock 需要访问相册，以便为物品添加图片或扫描小票。仅在本地保存，不会上传。";
				INFOPLIST_KEY_UIApplicationSceneManifest_Generation = YES;
				INFOPLIST_KEY_UIApplicationSupportsIndirectInputEvents = YES;
				INFOPLIST_KEY_UILaunchScreen_Generation = YES;
				INFOPLIST_KEY_UISupportedInterfaceOrientations_iPhone = UIInterfaceOrientationPortrait;
				INFOPLIST_KEY_UISupportedInterfaceOrientations_iPad = "UIInterfaceOrientationPortrait UIInterfaceOrientationPortraitUpsideDown UIInterfaceOrientationLandscapeLeft UIInterfaceOrientationLandscapeRight";
				IPHONEOS_DEPLOYMENT_TARGET = "17.0";
				LD_RUNPATH_SEARCH_PATHS = (
					"$(inherited)",
					"@executable_path/Frameworks",
				);
				MARKETING_VERSION = "1.0";
				PRODUCT_BUNDLE_IDENTIFIER = com.lifestock.app;
				PRODUCT_NAME = "$(TARGET_NAME)";
				SUPPORTED_PLATFORMS = "iphoneos iphonesimulator";
				SWIFT_EMIT_LOC_STRINGS = YES;
				SWIFT_VERSION = "5.0";
				TARGETED_DEVICE_FAMILY = "1,2";
			};
			name = Debug;
		};
		8C0000000000000000000019 /* Release */ = {
			isa = XCBuildConfiguration;
			buildSettings = {
				ASSETCATALOG_COMPILER_APPICON_NAME = AppIcon;
				ASSETCATALOG_COMPILER_GLOBAL_ACCENT_COLOR_NAME = AccentColor;
				CODE_SIGN_STYLE = Automatic;
				CURRENT_PROJECT_VERSION = "1";
				ENABLE_PREVIEWS = YES;
				GENERATE_INFOPLIST_FILE = YES;
				INFOPLIST_KEY_CFBundleDisplayName = "生活余量管家";
				INFOPLIST_KEY_LSApplicationCategoryType = public.app-category.lifestyle;
				INFOPLIST_KEY_NSPhotoLibraryUsageDescription = "LifeStock 需要访问相册，以便为物品添加图片或扫描小票。仅在本地保存，不会上传。";
				INFOPLIST_KEY_UIApplicationSceneManifest_Generation = YES;
				INFOPLIST_KEY_UIApplicationSupportsIndirectInputEvents = YES;
				INFOPLIST_KEY_UILaunchScreen_Generation = YES;
				INFOPLIST_KEY_UISupportedInterfaceOrientations_iPhone = UIInterfaceOrientationPortrait;
				INFOPLIST_KEY_UISupportedInterfaceOrientations_iPad = "UIInterfaceOrientationPortrait UIInterfaceOrientationPortraitUpsideDown UIInterfaceOrientationLandscapeLeft UIInterfaceOrientationLandscapeRight";
				IPHONEOS_DEPLOYMENT_TARGET = "17.0";
				LD_RUNPATH_SEARCH_PATHS = (
					"$(inherited)",
					"@executable_path/Frameworks",
				);
				MARKETING_VERSION = "1.0";
				PRODUCT_BUNDLE_IDENTIFIER = com.lifestock.app;
				PRODUCT_NAME = "$(TARGET_NAME)";
				SUPPORTED_PLATFORMS = "iphoneos iphonesimulator";
				SWIFT_EMIT_LOC_STRINGS = YES;
				SWIFT_VERSION = "5.0";
				TARGETED_DEVICE_FAMILY = "1,2";
			};
			name = Release;
		};
		8C000000000000000000001A /* Debug */ = {
			isa = XCBuildConfiguration;
			buildSettings = {
				ALWAYS_EMBED_SWIFT_STANDARD_LIBRARIES = YES;
				APPLICATION_EXTENSION_API_ONLY = YES;
				ASSETCATALOG_COMPILER_WIDGET_BACKGROUND_COLOR_NAME = WidgetBackground;
				CODE_SIGN_STYLE = Automatic;
				CURRENT_PROJECT_VERSION = "1";
				GENERATE_INFOPLIST_FILE = NO;
				INFOPLIST_FILE = LifeStockWidget/Info.plist;
				IPHONEOS_DEPLOYMENT_TARGET = "17.0";
				LD_RUNPATH_SEARCH_PATHS = (
					"$(inherited)",
					"@executable_path/Frameworks",
					"@executable_path/../../Frameworks",
				);
				MARKETING_VERSION = "1.0";
				PRODUCT_BUNDLE_IDENTIFIER = com.lifestock.app.LifeStockWidget;
				PRODUCT_NAME = "$(TARGET_NAME)";
				SKIP_INSTALL = YES;
				SUPPORTED_PLATFORMS = "iphoneos iphonesimulator";
				SWIFT_EMIT_LOC_STRINGS = YES;
				SWIFT_VERSION = "5.0";
				TARGETED_DEVICE_FAMILY = "1,2";
			};
			name = Debug;
		};
		8C000000000000000000001B /* Release */ = {
			isa = XCBuildConfiguration;
			buildSettings = {
				ALWAYS_EMBED_SWIFT_STANDARD_LIBRARIES = YES;
				APPLICATION_EXTENSION_API_ONLY = YES;
				ASSETCATALOG_COMPILER_WIDGET_BACKGROUND_COLOR_NAME = WidgetBackground;
				CODE_SIGN_STYLE = Automatic;
				CURRENT_PROJECT_VERSION = "1";
				GENERATE_INFOPLIST_FILE = NO;
				INFOPLIST_FILE = LifeStockWidget/Info.plist;
				IPHONEOS_DEPLOYMENT_TARGET = "17.0";
				LD_RUNPATH_SEARCH_PATHS = (
					"$(inherited)",
					"@executable_path/Frameworks",
					"@executable_path/../../Frameworks",
				);
				MARKETING_VERSION = "1.0";
				PRODUCT_BUNDLE_IDENTIFIER = com.lifestock.app.LifeStockWidget;
				PRODUCT_NAME = "$(TARGET_NAME)";
				SKIP_INSTALL = YES;
				SUPPORTED_PLATFORMS = "iphoneos iphonesimulator";
				SWIFT_EMIT_LOC_STRINGS = YES;
				SWIFT_VERSION = "5.0";
				TARGETED_DEVICE_FAMILY = "1,2";
			};
			name = Release;
		};
/* End XCBuildConfiguration section */

/* Begin XCConfigurationList section */
		8C0000000000000000000013 /* Build configuration list for PBXProject "LifeStock" */ = {isa = XCConfigurationList; buildConfigurations = (8C0000000000000000000016 /* Debug */, 8C0000000000000000000017 /* Release */, ); defaultConfigurationIsVisible = 0; defaultConfigurationName = Release; };
		8C0000000000000000000014 /* Build configuration list for PBXNativeTarget "LifeStock" */ = {isa = XCConfigurationList; buildConfigurations = (8C0000000000000000000018 /* Debug */, 8C0000000000000000000019 /* Release */, ); defaultConfigurationIsVisible = 0; defaultConfigurationName = Release; };
		8C0000000000000000000015 /* Build configuration list for PBXNativeTarget "LifeStockWidget" */ = {isa = XCConfigurationList; buildConfigurations = (8C000000000000000000001A /* Debug */, 8C000000000000000000001B /* Release */, ); defaultConfigurationIsVisible = 0; defaultConfigurationName = Release; };
/* End XCConfigurationList section */
	};
	rootObject = 8C0000000000000000000001 /* Project object */;
}
